
Microsoft Visual Studio Solution File, Format Version 12.00
Project("{2150E333-8FDC-42A3-9474-1A3956D46DE8}") = "src", "src", "{62F7052F-E896-454A-A977-0815F1D5C6C9}"
	ProjectSection(SolutionItems) = preProject
		src\todo.md = src\todo.md
	EndProjectSection
EndProject
Project("{FAE04EC0-301F-11D3-BF4B-00C04F79EFBC}") = "TravelTicket.Api", "src\TravelTicket.Api\TravelTicket.Api.csproj", "{32BC1D39-B693-405B-8018-1094E4F4CFCC}"
EndProject
Project("{2150E333-8FDC-42A3-9474-1A3956D46DE8}") = "Tenant", "Tenant", "{BCB69350-B06C-4D53-8173-C7DAFD298156}"
EndProject
Project("{2150E333-8FDC-42A3-9474-1A3956D46DE8}") = "Master", "Master", "{75635829-9E40-43E6-BC87-E8CD538BF752}"
EndProject
Project("{FAE04EC0-301F-11D3-BF4B-00C04F79EFBC}") = "Tenant.Domain", "src\Tenant\Tenant.Domain\Tenant.Domain.csproj", "{FE958D76-D43B-4100-9D43-8771856BE7E1}"
EndProject
Project("{FAE04EC0-301F-11D3-BF4B-00C04F79EFBC}") = "Tenant.Application", "src\Tenant\Tenant.Application\Tenant.Application.csproj", "{2A273CAD-8C2B-4EB9-BBD6-8CC188AC348C}"
EndProject
Project("{FAE04EC0-301F-11D3-BF4B-00C04F79EFBC}") = "Tenant.Infrastructure", "src\Tenant\Tenant.Infrastructure\Tenant.Infrastructure.csproj", "{9DB4CACE-7FCE-4AA0-8491-6BF57A730EB3}"
EndProject
Project("{FAE04EC0-301F-11D3-BF4B-00C04F79EFBC}") = "Master.Domain", "src\Master\Master.Domain\Master.Domain.csproj", "{CCC30DE4-A908-4216-8F56-D7453E0C163E}"
EndProject
Project("{FAE04EC0-301F-11D3-BF4B-00C04F79EFBC}") = "Master.Application", "src\Master\Master.Application\Master.Application.csproj", "{1737F61D-287D-48DC-AD43-7E5B84F1351A}"
EndProject
Project("{FAE04EC0-301F-11D3-BF4B-00C04F79EFBC}") = "Master.Infrastructure", "src\Master\Master.Infrastructure\Master.Infrastructure.csproj", "{BFDF7FA3-A060-40DE-803F-92DE9A4D514C}"
EndProject
Project("{2150E333-8FDC-42A3-9474-1A3956D46DE8}") = "Common", "Common", "{562CD9FB-8744-4236-86FA-09DA1DF43152}"
EndProject
Project("{FAE04EC0-301F-11D3-BF4B-00C04F79EFBC}") = "Common", "src\Common\Common\Common.csproj", "{DC03FB17-FB25-4774-8BFF-4AE325B0FBEB}"
EndProject
Project("{2150E333-8FDC-42A3-9474-1A3956D46DE8}") = "test", "test", "{6DD15ABD-69D1-4520-8E1D-28CD924FE2B9}"
EndProject
Project("{FAE04EC0-301F-11D3-BF4B-00C04F79EFBC}") = "Tenant.UnitTest", "test\Tenant.UnitTest\Tenant.UnitTest.csproj", "{30B1AF30-F1D8-464B-BDE5-FE7B31812698}"
EndProject
Global
	GlobalSection(SolutionConfigurationPlatforms) = preSolution
		Debug|Any CPU = Debug|Any CPU
		Release|Any CPU = Release|Any CPU
	EndGlobalSection
	GlobalSection(NestedProjects) = preSolution
		{32BC1D39-B693-405B-8018-1094E4F4CFCC} = {62F7052F-E896-454A-A977-0815F1D5C6C9}
		{BCB69350-B06C-4D53-8173-C7DAFD298156} = {62F7052F-E896-454A-A977-0815F1D5C6C9}
		{75635829-9E40-43E6-BC87-E8CD538BF752} = {62F7052F-E896-454A-A977-0815F1D5C6C9}
		{FE958D76-D43B-4100-9D43-8771856BE7E1} = {BCB69350-B06C-4D53-8173-C7DAFD298156}
		{2A273CAD-8C2B-4EB9-BBD6-8CC188AC348C} = {BCB69350-B06C-4D53-8173-C7DAFD298156}
		{9DB4CACE-7FCE-4AA0-8491-6BF57A730EB3} = {BCB69350-B06C-4D53-8173-C7DAFD298156}
		{CCC30DE4-A908-4216-8F56-D7453E0C163E} = {75635829-9E40-43E6-BC87-E8CD538BF752}
		{1737F61D-287D-48DC-AD43-7E5B84F1351A} = {75635829-9E40-43E6-BC87-E8CD538BF752}
		{BFDF7FA3-A060-40DE-803F-92DE9A4D514C} = {75635829-9E40-43E6-BC87-E8CD538BF752}
		{562CD9FB-8744-4236-86FA-09DA1DF43152} = {62F7052F-E896-454A-A977-0815F1D5C6C9}
		{DC03FB17-FB25-4774-8BFF-4AE325B0FBEB} = {562CD9FB-8744-4236-86FA-09DA1DF43152}
		{30B1AF30-F1D8-464B-BDE5-FE7B31812698} = {6DD15ABD-69D1-4520-8E1D-28CD924FE2B9}
	EndGlobalSection
	GlobalSection(ProjectConfigurationPlatforms) = postSolution
		{32BC1D39-B693-405B-8018-1094E4F4CFCC}.Debug|Any CPU.ActiveCfg = Debug|Any CPU
		{32BC1D39-B693-405B-8018-1094E4F4CFCC}.Debug|Any CPU.Build.0 = Debug|Any CPU
		{32BC1D39-B693-405B-8018-1094E4F4CFCC}.Release|Any CPU.ActiveCfg = Release|Any CPU
		{32BC1D39-B693-405B-8018-1094E4F4CFCC}.Release|Any CPU.Build.0 = Release|Any CPU
		{FE958D76-D43B-4100-9D43-8771856BE7E1}.Debug|Any CPU.ActiveCfg = Debug|Any CPU
		{FE958D76-D43B-4100-9D43-8771856BE7E1}.Debug|Any CPU.Build.0 = Debug|Any CPU
		{FE958D76-D43B-4100-9D43-8771856BE7E1}.Release|Any CPU.ActiveCfg = Release|Any CPU
		{FE958D76-D43B-4100-9D43-8771856BE7E1}.Release|Any CPU.Build.0 = Release|Any CPU
		{2A273CAD-8C2B-4EB9-BBD6-8CC188AC348C}.Debug|Any CPU.ActiveCfg = Debug|Any CPU
		{2A273CAD-8C2B-4EB9-BBD6-8CC188AC348C}.Debug|Any CPU.Build.0 = Debug|Any CPU
		{2A273CAD-8C2B-4EB9-BBD6-8CC188AC348C}.Release|Any CPU.ActiveCfg = Release|Any CPU
		{2A273CAD-8C2B-4EB9-BBD6-8CC188AC348C}.Release|Any CPU.Build.0 = Release|Any CPU
		{9DB4CACE-7FCE-4AA0-8491-6BF57A730EB3}.Debug|Any CPU.ActiveCfg = Debug|Any CPU
		{9DB4CACE-7FCE-4AA0-8491-6BF57A730EB3}.Debug|Any CPU.Build.0 = Debug|Any CPU
		{9DB4CACE-7FCE-4AA0-8491-6BF57A730EB3}.Release|Any CPU.ActiveCfg = Release|Any CPU
		{9DB4CACE-7FCE-4AA0-8491-6BF57A730EB3}.Release|Any CPU.Build.0 = Release|Any CPU
		{CCC30DE4-A908-4216-8F56-D7453E0C163E}.Debug|Any CPU.ActiveCfg = Debug|Any CPU
		{CCC30DE4-A908-4216-8F56-D7453E0C163E}.Debug|Any CPU.Build.0 = Debug|Any CPU
		{CCC30DE4-A908-4216-8F56-D7453E0C163E}.Release|Any CPU.ActiveCfg = Release|Any CPU
		{CCC30DE4-A908-4216-8F56-D7453E0C163E}.Release|Any CPU.Build.0 = Release|Any CPU
		{1737F61D-287D-48DC-AD43-7E5B84F1351A}.Debug|Any CPU.ActiveCfg = Debug|Any CPU
		{1737F61D-287D-48DC-AD43-7E5B84F1351A}.Debug|Any CPU.Build.0 = Debug|Any CPU
		{1737F61D-287D-48DC-AD43-7E5B84F1351A}.Release|Any CPU.ActiveCfg = Release|Any CPU
		{1737F61D-287D-48DC-AD43-7E5B84F1351A}.Release|Any CPU.Build.0 = Release|Any CPU
		{BFDF7FA3-A060-40DE-803F-92DE9A4D514C}.Debug|Any CPU.ActiveCfg = Debug|Any CPU
		{BFDF7FA3-A060-40DE-803F-92DE9A4D514C}.Debug|Any CPU.Build.0 = Debug|Any CPU
		{BFDF7FA3-A060-40DE-803F-92DE9A4D514C}.Release|Any CPU.ActiveCfg = Release|Any CPU
		{BFDF7FA3-A060-40DE-803F-92DE9A4D514C}.Release|Any CPU.Build.0 = Release|Any CPU
		{DC03FB17-FB25-4774-8BFF-4AE325B0FBEB}.Debug|Any CPU.ActiveCfg = Debug|Any CPU
		{DC03FB17-FB25-4774-8BFF-4AE325B0FBEB}.Debug|Any CPU.Build.0 = Debug|Any CPU
		{DC03FB17-FB25-4774-8BFF-4AE325B0FBEB}.Release|Any CPU.ActiveCfg = Release|Any CPU
		{DC03FB17-FB25-4774-8BFF-4AE325B0FBEB}.Release|Any CPU.Build.0 = Release|Any CPU
		{30B1AF30-F1D8-464B-BDE5-FE7B31812698}.Debug|Any CPU.ActiveCfg = Debug|Any CPU
		{30B1AF30-F1D8-464B-BDE5-FE7B31812698}.Debug|Any CPU.Build.0 = Debug|Any CPU
		{30B1AF30-F1D8-464B-BDE5-FE7B31812698}.Release|Any CPU.ActiveCfg = Release|Any CPU
		{30B1AF30-F1D8-464B-BDE5-FE7B31812698}.Release|Any CPU.Build.0 = Release|Any CPU
	EndGlobalSection
EndGlobal
